
Microsoft Visual Studio Solution File, Format Version 12.00
# Visual Studio Version 17
VisualStudioVersion = 17.11.35303.130
MinimumVisualStudioVersion = 10.0.40219.1
Project("{2150E333-8FDC-42A3-9474-1A3956D46DE8}") = "Task0", "Task0", "{06337022-6101-4B94-8250-24AB4E7E7348}"
EndProject
Project("{9A19103F-16F7-4668-BE54-9A1E7A4F7556}") = "Tyuiu.MohnonogovaPV.Sprint5.Task0.V9", "Tyuiu.MohnonogovaPV.Sprint5.Task0.V9\Tyuiu.MohnonogovaPV.Sprint5.Task0.V9.csproj", "{1E242371-D71C-4B63-869C-0151B1E7FE9A}"
EndProject
Project("{9A19103F-16F7-4668-BE54-9A1E7A4F7556}") = "Tyuiu.MohnonogovaPV.Sprint5.Task0.V9.Lib", "Tyuiu.MohnonogovaPV.Sprint5.Task0.V9.Lib\Tyuiu.MohnonogovaPV.Sprint5.Task0.V9.Lib.csproj", "{FA3574DF-D7B7-469B-8152-D70A18A02354}"
EndProject
Project("{9A19103F-16F7-4668-BE54-9A1E7A4F7556}") = "Tyuiu.MohnonogovaPV.Sprint5.Task0.V9.Test", "Tyuiu.MohnonogovaPV.Sprint5.Task0.V9.Test\Tyuiu.MohnonogovaPV.Sprint5.Task0.V9.Test.csproj", "{A243C2F2-22DB-4893-97F6-82F2FFB2A623}"
EndProject
Project("{2150E333-8FDC-42A3-9474-1A3956D46DE8}") = "Task1", "Task1", "{CDDA8DC9-51EE-4AFE-889E-D98AA6953E2C}"
EndProject
Project("{9A19103F-16F7-4668-BE54-9A1E7A4F7556}") = "Tyuiu.MohnonogovaPV.Sprint5.Task1.V29", "Tyuiu.MohnonogovaPV.Sprint5.Task1.V29\Tyuiu.MohnonogovaPV.Sprint5.Task1.V29.csproj", "{975B47FB-1541-4AA3-A535-7DD59A24A8B7}"
EndProject
Project("{9A19103F-16F7-4668-BE54-9A1E7A4F7556}") = "Tyuiu.MohnonogovaPV.Sprint5.Task1.V29.Lib", "Tyuiu.MohnonogovaPV.Sprint5.Task1.V29.Lib\Tyuiu.MohnonogovaPV.Sprint5.Task1.V29.Lib.csproj", "{CD75F13A-F23E-43DF-A7C5-52C7C5A45A8B}"
EndProject
Project("{9A19103F-16F7-4668-BE54-9A1E7A4F7556}") = "Tyuiu.MohnonogovaPV.Sprint5.Task1.V29.Test", "Tyuiu.MohnonogovaPV.Sprint5.Task1.V29.Test\Tyuiu.MohnonogovaPV.Sprint5.Task1.V29.Test.csproj", "{4F1CA4DF-851C-4654-B283-4EBA52E0F78F}"
EndProject
Project("{2150E333-8FDC-42A3-9474-1A3956D46DE8}") = "Task2", "Task2", "{7E0590AD-08D5-4260-9B43-E24EB4CB5F17}"
EndProject
Project("{FAE04EC0-301F-11D3-BF4B-00C04F79EFBC}") = "Tyuiu.MohnonogovaPV.Sprint5.Task2.V5", "Tyuiu.MohnonogovaPV.Sprint5.Task2.V5\Tyuiu.MohnonogovaPV.Sprint5.Task2.V5.csproj", "{26DDE3D0-50B7-405F-8CD2-A750086247BD}"
EndProject
Project("{FAE04EC0-301F-11D3-BF4B-00C04F79EFBC}") = "Tyuiu.MohnonogovaPV.Sprint5.Task2.V5.Lib", "Tyuiu.MohnonogovaPV.Sprint5.Task2.V5.Lib\Tyuiu.MohnonogovaPV.Sprint5.Task2.V5.Lib.csproj", "{8AF39F40-6B9A-4191-B783-1BEBA608A73A}"
EndProject
Project("{FAE04EC0-301F-11D3-BF4B-00C04F79EFBC}") = "Tyuiu.MohnonogovaPV.Sprint5.Task2.V5.Test", "Tyuiu.MohnonogovaPV.Sprint5.Task2.V5.Test\Tyuiu.MohnonogovaPV.Sprint5.Task2.V5.Test.csproj", "{C9934BBC-5565-464C-A8E5-F23D874A47EF}"
EndProject
Project("{2150E333-8FDC-42A3-9474-1A3956D46DE8}") = "Task3", "Task3", "{B1A6A92E-CBD2-4921-B1C2-8150043AA02F}"
EndProject
Project("{FAE04EC0-301F-11D3-BF4B-00C04F79EFBC}") = "Tyuiu.MohnonogovaPV.Sprint5.Task3.V18", "Tyuiu.MohnonogovaPV.Sprint5.Task3.V18\Tyuiu.MohnonogovaPV.Sprint5.Task3.V18.csproj", "{639C600A-B06C-45B5-B483-39FDEC54768F}"
EndProject
Project("{FAE04EC0-301F-11D3-BF4B-00C04F79EFBC}") = "Tyuiu.MohnonogovaPV.Sprint5.Task3.V18.Lib", "Tyuiu.MohnonogovaPV.Sprint5.Task3.V18.Lib\Tyuiu.MohnonogovaPV.Sprint5.Task3.V18.Lib.csproj", "{CF3761C5-4DD7-4FBE-A905-631FB7DD5192}"
EndProject
Project("{FAE04EC0-301F-11D3-BF4B-00C04F79EFBC}") = "Tyuiu.MohnonogovaPV.Sprint5.Task3.V18.Test", "Tyuiu.MohnonogovaPV.Sprint5.Task3.V18.Test\Tyuiu.MohnonogovaPV.Sprint5.Task3.V18.Test.csproj", "{B8846231-7308-4116-8594-1E19AC86ED4C}"
EndProject
Global
	GlobalSection(SolutionConfigurationPlatforms) = preSolution
		Debug|Any CPU = Debug|Any CPU
		Release|Any CPU = Release|Any CPU
	EndGlobalSection
	GlobalSection(ProjectConfigurationPlatforms) = postSolution
		{1E242371-D71C-4B63-869C-0151B1E7FE9A}.Debug|Any CPU.ActiveCfg = Debug|Any CPU
		{1E242371-D71C-4B63-869C-0151B1E7FE9A}.Debug|Any CPU.Build.0 = Debug|Any CPU
		{1E242371-D71C-4B63-869C-0151B1E7FE9A}.Release|Any CPU.ActiveCfg = Release|Any CPU
		{1E242371-D71C-4B63-869C-0151B1E7FE9A}.Release|Any CPU.Build.0 = Release|Any CPU
		{FA3574DF-D7B7-469B-8152-D70A18A02354}.Debug|Any CPU.ActiveCfg = Debug|Any CPU
		{FA3574DF-D7B7-469B-8152-D70A18A02354}.Debug|Any CPU.Build.0 = Debug|Any CPU
		{FA3574DF-D7B7-469B-8152-D70A18A02354}.Release|Any CPU.ActiveCfg = Release|Any CPU
		{FA3574DF-D7B7-469B-8152-D70A18A02354}.Release|Any CPU.Build.0 = Release|Any CPU
		{A243C2F2-22DB-4893-97F6-82F2FFB2A623}.Debug|Any CPU.ActiveCfg = Debug|Any CPU
		{A243C2F2-22DB-4893-97F6-82F2FFB2A623}.Debug|Any CPU.Build.0 = Debug|Any CPU
		{A243C2F2-22DB-4893-97F6-82F2FFB2A623}.Release|Any CPU.ActiveCfg = Release|Any CPU
		{A243C2F2-22DB-4893-97F6-82F2FFB2A623}.Release|Any CPU.Build.0 = Release|Any CPU
		{975B47FB-1541-4AA3-A535-7DD59A24A8B7}.Debug|Any CPU.ActiveCfg = Debug|Any CPU
		{975B47FB-1541-4AA3-A535-7DD59A24A8B7}.Debug|Any CPU.Build.0 = Debug|Any CPU
		{975B47FB-1541-4AA3-A535-7DD59A24A8B7}.Release|Any CPU.ActiveCfg = Release|Any CPU
		{975B47FB-1541-4AA3-A535-7DD59A24A8B7}.Release|Any CPU.Build.0 = Release|Any CPU
		{CD75F13A-F23E-43DF-A7C5-52C7C5A45A8B}.Debug|Any CPU.ActiveCfg = Debug|Any CPU
		{CD75F13A-F23E-43DF-A7C5-52C7C5A45A8B}.Debug|Any CPU.Build.0 = Debug|Any CPU
		{CD75F13A-F23E-43DF-A7C5-52C7C5A45A8B}.Release|Any CPU.ActiveCfg = Release|Any CPU
		{CD75F13A-F23E-43DF-A7C5-52C7C5A45A8B}.Release|Any CPU.Build.0 = Release|Any CPU
		{4F1CA4DF-851C-4654-B283-4EBA52E0F78F}.Debug|Any CPU.ActiveCfg = Debug|Any CPU
		{4F1CA4DF-851C-4654-B283-4EBA52E0F78F}.Debug|Any CPU.Build.0 = Debug|Any CPU
		{4F1CA4DF-851C-4654-B283-4EBA52E0F78F}.Release|Any CPU.ActiveCfg = Release|Any CPU
		{4F1CA4DF-851C-4654-B283-4EBA52E0F78F}.Release|Any CPU.Build.0 = Release|Any CPU
		{26DDE3D0-50B7-405F-8CD2-A750086247BD}.Debug|Any CPU.ActiveCfg = Debug|Any CPU
		{26DDE3D0-50B7-405F-8CD2-A750086247BD}.Debug|Any CPU.Build.0 = Debug|Any CPU
		{26DDE3D0-50B7-405F-8CD2-A750086247BD}.Release|Any CPU.ActiveCfg = Release|Any CPU
		{26DDE3D0-50B7-405F-8CD2-A750086247BD}.Release|Any CPU.Build.0 = Release|Any CPU
		{8AF39F40-6B9A-4191-B783-1BEBA608A73A}.Debug|Any CPU.ActiveCfg = Debug|Any CPU
		{8AF39F40-6B9A-4191-B783-1BEBA608A73A}.Debug|Any CPU.Build.0 = Debug|Any CPU
		{8AF39F40-6B9A-4191-B783-1BEBA608A73A}.Release|Any CPU.ActiveCfg = Release|Any CPU
		{8AF39F40-6B9A-4191-B783-1BEBA608A73A}.Release|Any CPU.Build.0 = Release|Any CPU
		{C9934BBC-5565-464C-A8E5-F23D874A47EF}.Debug|Any CPU.ActiveCfg = Debug|Any CPU
		{C9934BBC-5565-464C-A8E5-F23D874A47EF}.Debug|Any CPU.Build.0 = Debug|Any CPU
		{C9934BBC-5565-464C-A8E5-F23D874A47EF}.Release|Any CPU.ActiveCfg = Release|Any CPU
		{C9934BBC-5565-464C-A8E5-F23D874A47EF}.Release|Any CPU.Build.0 = Release|Any CPU
		{639C600A-B06C-45B5-B483-39FDEC54768F}.Debug|Any CPU.ActiveCfg = Debug|Any CPU
		{639C600A-B06C-45B5-B483-39FDEC54768F}.Debug|Any CPU.Build.0 = Debug|Any CPU
		{639C600A-B06C-45B5-B483-39FDEC54768F}.Release|Any CPU.ActiveCfg = Release|Any CPU
		{639C600A-B06C-45B5-B483-39FDEC54768F}.Release|Any CPU.Build.0 = Release|Any CPU
		{CF3761C5-4DD7-4FBE-A905-631FB7DD5192}.Debug|Any CPU.ActiveCfg = Debug|Any CPU
		{CF3761C5-4DD7-4FBE-A905-631FB7DD5192}.Debug|Any CPU.Build.0 = Debug|Any CPU
		{CF3761C5-4DD7-4FBE-A905-631FB7DD5192}.Release|Any CPU.ActiveCfg = Release|Any CPU
		{CF3761C5-4DD7-4FBE-A905-631FB7DD5192}.Release|Any CPU.Build.0 = Release|Any CPU
		{B8846231-7308-4116-8594-1E19AC86ED4C}.Debug|Any CPU.ActiveCfg = Debug|Any CPU
		{B8846231-7308-4116-8594-1E19AC86ED4C}.Debug|Any CPU.Build.0 = Debug|Any CPU
		{B8846231-7308-4116-8594-1E19AC86ED4C}.Release|Any CPU.ActiveCfg = Release|Any CPU
		{B8846231-7308-4116-8594-1E19AC86ED4C}.Release|Any CPU.Build.0 = Release|Any CPU
	EndGlobalSection
	GlobalSection(SolutionProperties) = preSolution
		HideSolutionNode = FALSE
	EndGlobalSection
	GlobalSection(NestedProjects) = preSolution
		{1E242371-D71C-4B63-869C-0151B1E7FE9A} = {06337022-6101-4B94-8250-24AB4E7E7348}
		{FA3574DF-D7B7-469B-8152-D70A18A02354} = {06337022-6101-4B94-8250-24AB4E7E7348}
		{A243C2F2-22DB-4893-97F6-82F2FFB2A623} = {06337022-6101-4B94-8250-24AB4E7E7348}
		{975B47FB-1541-4AA3-A535-7DD59A24A8B7} = {CDDA8DC9-51EE-4AFE-889E-D98AA6953E2C}
		{CD75F13A-F23E-43DF-A7C5-52C7C5A45A8B} = {CDDA8DC9-51EE-4AFE-889E-D98AA6953E2C}
		{4F1CA4DF-851C-4654-B283-4EBA52E0F78F} = {CDDA8DC9-51EE-4AFE-889E-D98AA6953E2C}
		{26DDE3D0-50B7-405F-8CD2-A750086247BD} = {7E0590AD-08D5-4260-9B43-E24EB4CB5F17}
		{8AF39F40-6B9A-4191-B783-1BEBA608A73A} = {7E0590AD-08D5-4260-9B43-E24EB4CB5F17}
		{C9934BBC-5565-464C-A8E5-F23D874A47EF} = {7E0590AD-08D5-4260-9B43-E24EB4CB5F17}
		{639C600A-B06C-45B5-B483-39FDEC54768F} = {B1A6A92E-CBD2-4921-B1C2-8150043AA02F}
		{CF3761C5-4DD7-4FBE-A905-631FB7DD5192} = {B1A6A92E-CBD2-4921-B1C2-8150043AA02F}
		{B8846231-7308-4116-8594-1E19AC86ED4C} = {B1A6A92E-CBD2-4921-B1C2-8150043AA02F}
	EndGlobalSection
	GlobalSection(ExtensibilityGlobals) = postSolution
		SolutionGuid = {3874E96F-0476-4D40-A99E-2C3614DE511A}
	EndGlobalSection
EndGlobal
